
Microsoft Visual Studio Solution File, Format Version 12.00
# Visual Studio Version 17
VisualStudioVersion = 17.14.36109.1
MinimumVisualStudioVersion = 10.0.40219.1
Project("{2150E333-8FDC-42A3-9474-1A3956D46DE8}") = "src", "src", "{02EA681E-C7D8-13C7-8484-4AC65E1B71E8}"
EndProject
Project("{FAE04EC0-301F-11D3-BF4B-00C04F79EFBC}") = "ManagedSignalR", "src\ManagedSignalR.csproj", "{84BC0566-CD48-634E-C48B-BEA787FC7619}"
EndProject
Project("{2150E333-8FDC-42A3-9474-1A3956D46DE8}") = "examples", "examples", "{CC766782-A0A0-4BE6-B917-B72E327C2136}"
EndProject
Project("{FAE04EC0-301F-11D3-BF4B-00C04F79EFBC}") = "ManagedSignalRExample", "ManagedSignalRExample\ManagedSignalRExample.csproj", "{4F48BEE8-CD81-48C6-807C-5615DA21C742}"
EndProject
Global
	GlobalSection(SolutionConfigurationPlatforms) = preSolution
		Debug|Any CPU = Debug|Any CPU
		Release|Any CPU = Release|Any CPU
	EndGlobalSection
	GlobalSection(ProjectConfigurationPlatforms) = postSolution
		{84BC0566-CD48-634E-C48B-BEA787FC7619}.Debug|Any CPU.ActiveCfg = Debug|Any CPU
		{84BC0566-CD48-634E-C48B-BEA787FC7619}.Debug|Any CPU.Build.0 = Debug|Any CPU
		{84BC0566-CD48-634E-C48B-BEA787FC7619}.Release|Any CPU.ActiveCfg = Release|Any CPU
		{84BC0566-CD48-634E-C48B-BEA787FC7619}.Release|Any CPU.Build.0 = Release|Any CPU
		{4F48BEE8-CD81-48C6-807C-5615DA21C742}.Debug|Any CPU.ActiveCfg = Debug|Any CPU
		{4F48BEE8-CD81-48C6-807C-5615DA21C742}.Debug|Any CPU.Build.0 = Debug|Any CPU
		{4F48BEE8-CD81-48C6-807C-5615DA21C742}.Release|Any CPU.ActiveCfg = Release|Any CPU
		{4F48BEE8-CD81-48C6-807C-5615DA21C742}.Release|Any CPU.Build.0 = Release|Any CPU
	EndGlobalSection
	GlobalSection(SolutionProperties) = preSolution
		HideSolutionNode = FALSE
	EndGlobalSection
	GlobalSection(NestedProjects) = preSolution
		{84BC0566-CD48-634E-C48B-BEA787FC7619} = {02EA681E-C7D8-13C7-8484-4AC65E1B71E8}
		{CC766782-A0A0-4BE6-B917-B72E327C2136} = {02EA681E-C7D8-13C7-8484-4AC65E1B71E8}
		{4F48BEE8-CD81-48C6-807C-5615DA21C742} = {CC766782-A0A0-4BE6-B917-B72E327C2136}
	EndGlobalSection
	GlobalSection(ExtensibilityGlobals) = postSolution
		SolutionGuid = {E930CD75-F42F-4800-A03D-E22FB4A81223}
	EndGlobalSection
EndGlobal
